cloud.google.com/go v0.26.0 h1:e0WKqKTd5BnrG8aKH3J3h+QvEIQtSUcf2n5UZ5ZgLtQ=
cloud.google.com/go v0.26.0/go.mod h1:aQUYkXzVsufM+DwF1aE+0xfcU+56JwCaLick0ClmMTw=
contrib.go.opencensus.io/exporter/stackdriver v0.5.0 h1:QpgHy9ctBU5KGQA816RlOnnEIRoJ29VCPpAl3vzWc4A=
contrib.go.opencensus.io/exporter/stackdriver v0.5.0/go.mod h1:QeFzMJDAw8TXt5+aRaSuE8l5BwaMIOIlaVkBOPRuMuw=
dmitri.shuralyov.com/html/belt v0.0.0-20180602232347-f7d459c86be0 h1:SPOUaucgtVls75mg+X7CXigS71EnsfVUK/2CgVrwqgw=
dmitri.shuralyov.com/html/belt v0.0.0-20180602232347-f7d459c86be0/go.mod h1:JLBrvjyP0v+ecvNYvCpyZgu5/xkfAUhi6wJj28eUfSU=
dmitri.shuralyov.com/state v0.0.0-20180228185332-28bcc343414c h1:ivON6cwHK1OH26MZyWDCnbTRZZf0IhNsENoNAKFS1g4=
dmitri.shuralyov.com/state v0.0.0-20180228185332-28bcc343414c/go.mod h1:0PRwlb0D6DFvNNtx+9ybjezNCa8XF0xaYcETyp6rHWU=
github.com/anmitsu/go-shlex v0.0.0-20161002113705-648efa622239 h1:kFOfPq6dUM1hTo4JG6LR5AXSUEsOjtdm0kw0FtQtMJA=
github.com/anmitsu/go-shlex v0.0.0-20161002113705-648efa622239/go.mod h1:2FmKhYUyUczH0OGQWaF5ceTx0UBShxjsH6f8oGKYe2c=
github.com/bradfitz/go-smtpd v0.0.0-20170404230938-deb6d6237625 h1:ckJgFhFWywOx+YLEMIJsTb+NV6NexWICk5+AMSuz3ss=
github.com/bradfitz/go-smtpd v0.0.0-20170404230938-deb6d6237625/go.mod h1:HYsPBTaaSFSlLx/70C2HPIMNZpVV8+vt/A+FMnYP11g=
github.com/coreos/go-systemd v0.0.0-20180705093442-88bfeed483d3 h1:h/wTyTK7VVFaSLpGFKLPkEYiWuloHpStKd30EZIaL9I=
github.com/coreos/go-systemd v0.0.0-20180705093442-88bfeed483d3/go.mod h1:F5haX7vjVVG0kc13fIWeqUViNPyEJxv/OmvnBo0Yme4=
github.com/davecgh/go-spew v1.1.0 h1:ZDRjVQ15GmhC3fiQ8ni8+OwkZQO4DARzQgrnXU1Liz8=
github.com/davecgh/go-spew v1.1.0/go.mod h1:J7Y8YcW2NihsgmVo/mv3lAwl/skON4iLHjSsI+c5H38=
github.com/dustin/go-humanize v0.0.0-20180713052910-9f541cc9db5d h1:lDrio3iIdNb0Gw9CgH7cQF+iuB5mOOjdJ9ERNJCBgb4=
github.com/dustin/go-humanize v0.0.0-20180713052910-9f541cc9db5d/go.mod h1:HtrtbFcZ19U5GC7JDqmcUSB87Iq5E25KnS6fMYU6eOk=
github.com/flynn/go-shlex v0.0.0-20150515145356-3f9db97f8568 h1:BHsljHzVlRcyQhjrss6TZTdY2VfCqZPbv5k3iBFa2ZQ=
github.com/flynn/go-shlex v0.0.0-20150515145356-3f9db97f8568/go.mod h1:xEzjJPgXI435gkrCt3MPfRiAkVrwSbHsst4LCFVfpJc=
github.com/fsnotify/fsnotify v1.4.7 h1:IXs+QLmnXW2CcXuY+8Mzv/fWEsPGWxqefPtCP5CnV9I=
github.com/fsnotify/fsnotify v1.4.7/go.mod h1:jwhsz4b93w/PPRr/qN1Yymfu8t87LnFCMoQvtojpjFo=
github.com/gliderlabs/ssh v0.1.1 h1:j3L6gSLQalDETeEg/Jg0mGY0/y/N6zI2xX1978P0Uqw=
github.com/gliderlabs/ssh v0.1.1/go.mod h1:U7qILu1NlMHj9FlMhZLlkCdDnU1DBEAqr0aevW3Awn0=
github.com/golang/glog v0.0.0-20160126235308-23def4e6c14b h1:VKtxabqXZkF25pY9ekfRL6a582T4P37/31XEstQ5p58=
github.com/golang/glog v0.0.0-20160126235308-23def4e6c14b/go.mod h1:SBH7ygxi8pfUlaOkMMuAQtPIUF8ecWP5IEl/CR7VP2Q=
github.com/golang/protobuf v1.1.0 h1:0iH4Ffd/meGoXqF2lSAhZHt8X+cPgkfn/cb6Cce5Vpc=
github.com/golang/protobuf v1.1.0/go.mod h1:6lQm79b+lXiMfvg/cZm0SGofjICqVBUtrP5yJMmIC1U=
github.com/google/go-cmp v0.2.0 h1:+dTQ8DZQJz0Mb/HjFlkptS1FeQ4cWSnN941F8aEG4SQ=
github.com/google/go-cmp v0.2.0/go.mod h1:oXzfMopK8JAjlY9xF4vHSVASa0yLyX7SntLO5aqRK0M=
github.com/google/go-github v17.0.0+incompatible h1:N0LgJ1j65A7kfXrZnUDaYCs/Sf4rEjNlfyDHW9dolSY=
github.com/google/go-github v17.0.0+incompatible/go.mod h1:zLgOLi98H3fifZn+44m+umXrS52loVEgC2AApnigrVQ=
github.com/google/go-querystring v0.0.0-20170111101155-53e6ce116135 h1:zLTLjkaOFEFIOxY5BWLFLwh+cL8vOBW4XJ2aqLE/Tf0=
github.com/google/go-querystring v0.0.0-20170111101155-53e6ce116135/go.mod h1:odCYkC5MyYFN7vkCjXpyrEuKhc/BUO6wN/zVPAxq5ck=
github.com/google/martian v2.0.0-beta.2.0.20180813215018-c223d6f7955e+incompatible h1:NpYJkB0EcEQF9J8ugxjYyENaRP3ixdr53NJer4p5HIg=
github.com/google/martian v2.0.0-beta.2.0.20180813215018-c223d6f7955e+incompatible/go.mod h1:9I4somxYTbIHy5NJKHRl3wXiIaQGbYVAs8BPL6v8lEs=
github.com/googleapis/gax-go v2.0.0+incompatible h1:j0GKcs05QVmm7yesiZq2+9cxHkNK9YM6zKx4D2qucQU=
github.com/googleapis/gax-go v2.0.0+incompatible/go.mod h1:SFVmujtThgffbyetf+mdk2eWhX2bMyUtNHzFKcPA9HY=
github.com/gopherjs/gopherjs v0.0.0-20180628210949-0892b62f0d9f h1:FDM3EtwZLyhW48YRiyqjivNlNZjAObv4xt4NnJaU+NQ=
github.com/gopherjs/gopherjs v0.0.0-20180628210949-0892b62f0d9f/go.mod h1:wJfORRmW1u3UXTncJ5qlYoELFm8eSnnEO6hX4iZ3EWY=
github.com/gregjones/httpcache v0.0.0-20180305231024-9cad4c3443a7 h1:pdN6V1QBWetyv/0+wjACpqVH+eVULgEjkurDLq3goeM=
github.com/gregjones/httpcache v0.0.0-20180305231024-9cad4c3443a7/go.mod h1:FecbI9+v66THATjSRHfNgh1IVFe/9kFxbXtjV0ctIMA=
github.com/jellevandenhooff/dkim v0.0.0-20150330215556-f50fe3d243e1 h1:ujPKutqRlJtcfWk6toYVYagwra7HQHbXOaS171b4Tg8=
github.com/jellevandenhooff/dkim v0.0.0-20150330215556-f50fe3d243e1/go.mod h1:E0B/fFc00Y+Rasa88328GlI/XbtyysCtTHZS8h7IrBU=
github.com/kisielk/gotool v1.0.0 h1:AV2c/EiW3KqPNT9ZKl07ehoAGi4C5/01Cfbblndcapg=
github.com/kisielk/gotool v1.0.0/go.mod h1:XhKaO+MFFWcvkIS/tQcRk01m1F5IRFswLeQ+oQHNcck=
github.com/kr/pretty v0.1.0 h1:L/CwN0zerZDmRFUapSPitk6f+Q3+0za1rQkzVuMiMFI=
github.com/kr/pretty v0.1.0/go.mod h1:dAy3ld7l9f0ibDNOQOHHMYYIIbhfbHSm3C4ZsoJORNo=
github.com/kr/pty v1.1.1/go.mod h1:pFQYn66WHrOpPYNljwOMqo10TkYh1fy3cYio2l3bCsQ=
github.com/kr/pty v1.1.2 h1:Q7kfkJVHag8Gix8Z5+eTo09NFHV8MXL9K66sv9qDaVI=
github.com/kr/pty v1.1.2/go.mod h1:pFQYn66WHrOpPYNljwOMqo10TkYh1fy3cYio2l3bCsQ=
github.com/kr/text v0.1.0 h1:45sCR5RtlFHMR4UwH9sdQ5TC8v0qDQCHnXt+kaKSTVE=
github.com/kr/text v0.1.0/go.mod h1:4Jbv+DJW3UT/LiOwJeYQe1efqtUx/iVham/4vfdArNI=
github.com/microcosm-cc/bluemonday v1.0.0 h1:dr58SIfmOwOVr+m4Ye1xLWv8Dk9OFwXAtYnbJSmJ65k=
github.com/microcosm-cc/bluemonday v1.0.0/go.mod h1:hsXNsILzKxV+sX77C5b8FSuKF00vh2OMYv+xgHpAMF4=
github.com/neelance/astrewrite v0.0.0-20160511093645-99348263ae86 h1:D6paGObi5Wud7xg83MaEFyjxQB1W5bz5d0IFppr+ymk=
github.com/neelance/astrewrite v0.0.0-20160511093645-99348263ae86/go.mod h1:kHJEU3ofeGjhHklVoIGuVj85JJwZ6kWPaJwCIxgnFmo=
github.com/neelance/sourcemap v0.0.0-20151028013722-8c68805598ab h1:eFXv9Nu1lGbrNbj619aWwZfVF5HBrm9Plte8aNptuTI=
github.com/neelance/sourcemap v0.0.0-20151028013722-8c68805598ab/go.mod h1:Qr6/a/Q4r9LP1IltGz7tA7iOK1WonHEYhu1HRBA7ZiM=
github.com/pmezard/go-difflib v1.0.0 h1:4DBwDE0NGyQoBHbLQYPwSUPoCMWR5BEzIk/f1lZbAQM=
github.com/pmezard/go-difflib v1.0.0/go.mod h1:iKH77koFhYxTK1pcRnkKkqfTogsbg7gZNVY4sRDYZ/4=
github.com/russross/blackfriday v1.5.1 h1:B8ZN6pD4PVofmlDCDUdELeYrbsVIDM/bpjW3v3zgcRc=
github.com/russross/blackfriday v1.5.1/go.mod h1:JO/DiYxRf+HjHt06OyowR9PTA263kcR/rfWxYHBV53g=
github.com/sergi/go-diff v1.0.0 h1:Kpca3qRNrduNnOQeazBd0ysaKrUJiIuISHxogkT9RPQ=
github.com/sergi/go-diff v1.0.0/go.mod h1:0CfEIISq7TuYL3j771MWULgwwjU+GofnZX9QAmXWZgo=
github.com/shurcooL/component v0.0.0-20170202220835-f88ec8f54cc4 h1:Fth6mevc5rX7glNLpbAMJnqKlfIkcTjZCSHEeqvKbcI=
github.com/shurcooL/component v0.0.0-20170202220835-f88ec8f54cc4/go.mod h1:XhFIlyj5a1fBNx5aJTbKoIq0mNaPvOagO+HjB3EtxrY=
github.com/shurcooL/events v0.0.0-20180517181903-37636e399bf5 h1:GVOuJ8d1JVPK92esG1Hsi25BpDUDMUaYNW8VJ3cTscQ=
github.com/shurcooL/events v0.0.0-20180517181903-37636e399bf5/go.mod h1:5u70Mqkb5O5cxEA8nxTsgrgLehJeAw6Oc4Ab1c/P1HM=
github.com/shurcooL/github_flavored_markdown v0.0.0-20180602233135-8913699a52e3 h1:s0O6f6okLB5xGUH7dtyZyg6HKGLKlC9gj4smz91fGWo=
github.com/shurcooL/github_flavored_markdown v0.0.0-20180602233135-8913699a52e3/go.mod h1:19y9eBxWq15wrq3NRr6osGtk0dkbHhO6uznyrOtrBsE=
github.com/shurcooL/go v0.0.0-20180423040247-9e1955d9fb6e h1:MZM7FHLqUHYI0Y/mQAt3d2aYa0SiNms/hFqC9qJYolM=
github.com/shurcooL/go v0.0.0-20180423040247-9e1955d9fb6e/go.mod h1:TDJrrUr11Vxrven61rcy3hJMUqaf/CLWYhHNPmT14Lk=
github.com/shurcooL/go-goon v0.0.0-20170922171312-37c2f522c041 h1:llrF3Fs4018ePo4+G/HV/uQUqEI1HMDjCeOf2V6puPc=
github.com/shurcooL/go-goon v0.0.0-20170922171312-37c2f522c041/go.mod h1:N5mDOmsrJOB+vfqUK+7DmDyjhSLIIBnXo9lvZJj3MWQ=
github.com/shurcooL/gofontwoff v0.0.0-20180329035133-29b52fc0a18d h1:Yoy/IzG4lULT6qZg62sVC+qyBL8DQkmD2zv6i7OImrc=
github.com/shurcooL/gofontwoff v0.0.0-20180329035133-29b52fc0a18d/go.mod h1:05UtEgK5zq39gLST6uB0cf3NEHjETfB4Fgr3Gx5R9Vw=
github.com/shurcooL/gopherjslib v0.0.0-20160914041154-feb6d3990c2c h1:UOk+nlt1BJtTcH15CT7iNO7YVWTfTv/DNwEAQHLIaDQ=
github.com/shurcooL/gopherjslib v0.0.0-20160914041154-feb6d3990c2c/go.mod h1:8d3azKNyqcHP1GaQE/c6dDgjkgSx2BZ4IoEi4F1reUI=
github.com/shurcooL/highlight_diff v0.0.0-20170515013008-09bb4053de1b h1:vYEG87HxbU6dXj5npkeulCS96Dtz5xg3jcfCgpcvbIw=
github.com/shurcooL/highlight_diff v0.0.0-20170515013008-09bb4053de1b/go.mod h1:ZpfEhSmds4ytuByIcDnOLkTHGUI6KNqRNPDLHDk+mUU=
github.com/shurcooL/highlight_go v0.0.0-20170515013102-78fb10f4a5f8 h1:xLQlo0Ghg8zBaQi+tjpK+z/WLjbg/BhAWP9pYgqo/LQ=
github.com/shurcooL/highlight_go v0.0.0-20170515013102-78fb10f4a5f8/go.mod h1:UDKB5a1T23gOMUJrI+uSuH0VRDStOiUVSjBTRDVBVag=
github.com/shurcooL/htmlg v0.0.0-20170918183704-d01228ac9e50 h1:crYRwvwjdVh1biHzzciFHe8DrZcYrVcZFlJtykhRctg=
github.com/shurcooL/htmlg v0.0.0-20170918183704-d01228ac9e50/go.mod h1:zPn1wHpTIePGnXSHpsVPWEktKXHr6+SS6x/IKRb7cpw=
github.com/shurcooL/httperror v0.0.0-20170206035902-86b7830d14cc h1:eHRtZoIi6n9Wo1uR+RU44C247msLWwyA89hVKwRLkMk=
github.com/shurcooL/httperror v0.0.0-20170206035902-86b7830d14cc/go.mod h1:aYMfkZ6DWSJPJ6c4Wwz3QtW22G7mf/PEgaB9k/ik5+Y=
github.com/shurcooL/httpfs v0.0.0-20171119174359-809beceb2371 h1:SWV2fHctRpRrp49VXJ6UZja7gU9QLHwRpIPBN89SKEo=
github.com/shurcooL/httpfs v0.0.0-20171119174359-809beceb2371/go.mod h1:ZY1cvUeJuFPAdZ/B6v7RHavJWZn2YPVFQ1OSXhCGOkg=
github.com/shurcooL/httpgzip v0.0.0-20180522190206-b1c53ac65af9 h1:fxoFD0in0/CBzXoyNhMTjvBZYW6ilSnTw7N7y/8vkmM=
github.com/shurcooL/httpgzip v0.0.0-20180522190206-b1c53ac65af9/go.mod h1:919LwcH0M7/W4fcZ0/jy0qGght1GIhqyS/EgWGH2j5Q=
github.com/shurcooL/issues v0.0.0-20180509033703-c5ffda838306 h1:zwrWO7neLBBe+SBlK0WzO1F+AzNjtYC9rci0BbnXPkA=
github.com/shurcooL/issues v0.0.0-20180509033703-c5ffda838306/go.mod h1:e2qWDig5bLteJ4fwvDAc2NHzqFEthkqn7aOZAOpj+PQ=
github.com/shurcooL/issuesapp v0.0.0-20180602232740-048589ce2241 h1:Y+TeIabU8sJD10Qwd/zMty2/LEaT9GNDaA6nyZf+jgo=
github.com/shurcooL/issuesapp v0.0.0-20180602232740-048589ce2241/go.mod h1:NPpHK2TI7iSaM0buivtFUc9offApnI0Alt/K8hcHy0I=
github.com/shurcooL/notifications v0.0.0-20180509033327-dff011de8119 h1:fFFVI9s6t9errlOfqOXVLiPOa2Tho1PMkTYUjcrZ39Q=
github.com/shurcooL/notifications v0.0.0-20180509033327-dff011de8119/go.mod h1:b5uSkrEVM1jQUspwbixRBhaIjIzL2xazXp6kntxYle0=
github.com/shurcooL/octicon v0.0.0-20180602230221-c42b0e3b24d9 h1:j3cAp1j8k/tSLaCcDiXIpVJ8FzSJ9g1eeOAPRJYM75k=
github.com/shurcooL/octicon v0.0.0-20180602230221-c42b0e3b24d9/go.mod h1:eWdoE5JD4R5UVWDucdOPg1g2fqQRq78IQa9zlOV1vpQ=
github.com/shurcooL/reactions v0.0.0-20180602233045-253d879cae26 h1:SKaAA1OoaREdeDCotdVReCDJLbw3tP7unvoq/hEV3tQ=
github.com/shurcooL/reactions v0.0.0-20180602233045-253d879cae26/go.mod h1:TCR1lToEk4d2s07G3XGfz2QrgHXg4RJBvjrOozvoWfk=
github.com/shurcooL/sanitized_anchor_name v0.0.0-20170918181015-86672fcb3f95 h1:/vdW8Cb7EXrkqWGufVMES1OH2sU9gKVb2n9/1y5NMBY=
github.com/shurcooL/sanitized_anchor_name v0.0.0-20170918181015-86672fcb3f95/go.mod h1:1NzhyTcUVG4SuEtjjoZeVRXNmyL/1OwPU0+IJeTBvfc=
github.com/shurcooL/users v0.0.0-20180125191416-49c67e49c537 h1:YGaxtkYjb8mnTvtufv2LKLwCQu2/C7qFB7UtrOlTWOY=
github.com/shurcooL/users v0.0.0-20180125191416-49c67e49c537/go.mod h1:QJTqeLYEDaXHZDBsXlPCDqdhQuJkuw4NOtaxYe3xii4=
github.com/shurcooL/webdavfs v0.0.0-20170829043945-18c3829fa133 h1:JtcyT0rk/9PKOdnKQzuDR+FSjh7SGtJwpgVpfZBRKlQ=
github.com/shurcooL/webdavfs v0.0.0-20170829043945-18c3829fa133/go.mod h1:hKmq5kWdCj2z2KEozexVbfEZIWiTjhE0+UjmZgPqehw=
github.com/sourcegraph/annotate v0.0.0-20160123013949-f4cad6c6324d h1:yKm7XZV6j9Ev6lojP2XaIshpT4ymkqhMeSghO5Ps00E=
github.com/sourcegraph/annotate v0.0.0-20160123013949-f4cad6c6324d/go.mod h1:UdhH50NIW0fCiwBSr0co2m7BnFLdv4fQTgdqdJTHFeE=
github.com/sourcegraph/syntaxhighlight v0.0.0-20170531221838-bd320f5d308e h1:qpG93cPwA5f7s/ZPBJnGOYQNK/vKsaDaseuKT5Asee8=
github.com/sourcegraph/syntaxhighlight v0.0.0-20170531221838-bd320f5d308e/go.mod h1:HuIsMU8RRBOtsCgI77wP899iHVBQpCmg4ErYMZB+2IA=
github.com/stretchr/testify v1.2.2 h1:bSDNvY7ZPG5RlJ8otE/7V6gMiyenm9RtJ7IUVIAoJ1w=
github.com/stretchr/testify v1.2.2/go.mod h1:a8OnRcib4nhh0OaRAV+Yts87kKdq0PP7pXfy6kDkUVs=
github.com/tarm/serial v0.0.0-20180114052751-eaafced92e96 h1:pLss0TM/G46eE2p8NIRYIlB12vrPvWXiqDoCKA52wwQ=
github.com/tarm/serial v0.0.0-20180114052751-eaafced92e96/go.mod h1:kDXzergiv9cbyO7IOYJZWg1U88JhDg3PB6klq9Hg2pA=
go.opencensus.io v0.14.0 h1:1eTLxqxSIAylcKoxnNkdhvvBNZDA8JwkKNXxgyma0IA=
go.opencensus.io v0.14.0/go.mod h1:UffZAU+4sDEINUGP/B7UfBBkq4fqLu9zXAX7ke6CHW0=
go4.org v0.0.0-20180417224846-9599cf28b011 h1:i0QTVNl3j6yciHiQIHxz+mnsSQqo/xi78EGN7yNpMVw=
go4.org v0.0.0-20180417224846-9599cf28b011/go.mod h1:MkTOUMDaeVYJUOUsaDXIhWPZYa1yOyC1qaOBpL57BhE=
golang.org/x/crypto v0.0.0-20180807104621-f027049dab0a h1:PulT0Y50PcfTWomfsD39bSQyVrjjWdIuJKfyR4nOCJw=
golang.org/x/crypto v0.0.0-20180807104621-f027049dab0a/go.mod h1:6SG95UA2DQfeDnfUPMdvaQW0Q7yPrPDi9nlGo2tz2b4=
golang.org/x/net v0.0.0-20180808004115-f9ce57c11b24 h1:mEsFm194MmS9vCwxFy+zwu0EU7ZkxxMD1iH++vmGdUY=
golang.org/x/net v0.0.0-20180808004115-f9ce57c11b24/go.mod h1:mL1N/T3taQHkDXs73rZJwtUhF3w3ftmwwsq0BUmARs4=
golang.org/x/oauth2 v0.0.0-20180724155351-3d292e4d0cdc h1:3ElrZeO6IBP+M8kgu5YFwRo92Gqr+zBg3aooYQ6ziqU=
golang.org/x/oauth2 v0.0.0-20180724155351-3d292e4d0cdc/go.mod h1:N/0e6XlmueqKjAGxoOufVs8QHGRruUQn6yWY3a++T0U=
golang.org/x/perf v0.0.0-20180704124530-6e6d33e29852 h1:xYq6+9AtI+xP3M4r0N1hCkHrInHDBohhquRgx9Kk6gI=
golang.org/x/perf v0.0.0-20180704124530-6e6d33e29852/go.mod h1:JLpeXjPJfIyPr5TlbXLkXWLhP8nz10XfvxElABhCtcw=
golang.org/x/sync v0.0.0-20180314180146-1d60e4601c6f h1:wMNYb4v58l5UBM7MYRLPG6ZhfOqbKu7X5eyFl8ZhKvA=
golang.org/x/sync v0.0.0-20180314180146-1d60e4601c6f/go.mod h1:RxMgew5VJxzue5/jJTE5uejpjVlOe/izrB70Jof72aM=
golang.org/x/sys v0.0.0-20180807162357-acbc56fc7007 h1:UnHxDq9ldm4vol94wlSWDF3SU4IyC8IWVWtg266CzoY=
golang.org/x/sys v0.0.0-20180807162357-acbc56fc7007/go.mod h1:STP8DvDyc/dI5b8T5hshtkjS+E42TnysNCUPdjciGhY=
golang.org/x/text v0.3.1-0.20180807135948-17ff2d5776d2 h1:z99zHgr7hKfrUcX/KsoJk5FJfjTceCKIp96+biqP4To=
golang.org/x/text v0.3.1-0.20180807135948-17ff2d5776d2/go.mod h1:NqM8EUOU14njkJ3fqMW+pc6Ldnwhi/IjpwHt7yyuwOQ=
golang.org/x/time v0.0.0-20180412165947-fbb02b2291d2 h1:+DCIGbF/swA92ohVg0//6X2IVY3KZs6p9mix0ziNYJM=
golang.org/x/time v0.0.0-20180412165947-fbb02b2291d2/go.mod h1:tRJNPiyCQ0inRvYxbN9jk5I+vvW/OXSQhTDSoE431IQ=
golang.org/x/tools v0.0.0-20180807205940-ca6481ae5650 h1:l+8WSQOce/yOnL4dzi+J6APJ23qZfI4JwKkW8pZN0b0=
golang.org/x/tools v0.0.0-20180807205940-ca6481ae5650/go.mod h1:n7NCudcB/nEzxVGmLbDWY5pfWTLqBcC2KZ6jyYvM4mQ=
google.golang.org/api v0.0.0-20180808000436-6e1e03fd226b h1:0zN+XhmQY5mAE2X1YkgDOx1TV46/fouCvSfPV5djhaI=
google.golang.org/api v0.0.0-20180808000436-6e1e03fd226b/go.mod h1:4mhQ8q/RsB7i+udVvVy5NUi08OU8ZlA0gRVgrF7VFY0=
google.golang.org/appengine v1.1.0 h1:igQkv0AAhEIvTEpD5LIpAfav2eeVO9HBTjvKHVJPRSs=
google.golang.org/appengine v1.1.0/go.mod h1:EbEs0AVv82hx2wNQdGPgUI5lhzA/G0D9YwlJXL52JkM=
google.golang.org/genproto v0.0.0-20180731170733-daca94659cb5 h1:2PjFmwzH/sxgW9CRJDlEiwMHO8rOk1eMDzVL14HC1e4=
google.golang.org/genproto v0.0.0-20180731170733-daca94659cb5/go.mod h1:JiN7NxoALGmiZfu7CAH4rXhgtRTLTxftemlI0sWmxmc=
google.golang.org/grpc v1.14.0 h1:ArxJuB1NWfPY6r9Gp9gqwplT0Ge7nqv9msgu03lHLmo=
google.golang.org/grpc v1.14.0/go.mod h1:yo6s7OP7yaDglbqo1J04qKzAhqBH6lvTonzMVmEdcZw=
gopkg.in/inf.v0 v0.9.1 h1:73M5CoZyi3ZLMOyDlQh031Cx6N9NDJ2Vvfl76EDAgDc=
gopkg.in/inf.v0 v0.9.1/go.mod h1:cWUDdTG/fYaXco+Dcufb5Vnc6Gp2YChqWtbxRZE0mXw=
grpc.go4.org v0.0.0-20170609214715-11d0a25b4919 h1:tmXTu+dfa+d9Evp8NpJdgOy6+rt8/x4yG7qPBrtNfLY=
grpc.go4.org v0.0.0-20170609214715-11d0a25b4919/go.mod h1:77eQGdRu53HpSqPFJFmuJdjuHRquDANNeA4x7B8WQ9o=
