cloud.google.com/go v0.110.7 h1:rJyC7nWRg2jWGZ4wSJ5nY65GTdYJkg0cd/uXb+ACI6o=
cloud.google.com/go/compute/metadata v0.5.0 h1:Zr0eK8JbFv6+Wi4ilXAR8FJ3wyNdpxHKJNPos6LTZOY=
cloud.google.com/go/compute/metadata v0.5.0/go.mod h1:aHnloV2TPI38yx4s9+wAZhHykWvVCfu7hQbF+9CWoiY=
cloud.google.com/go/iam v1.1.2 h1:gacbrBdWcoVmGLozRuStX45YKvJtzIjJdAolzUs1sm4=
cloud.google.com/go/iam v1.1.2/go.mod h1:A5avdyVL2tCppe4unb0951eI9jreack+RJ0/d+KUZOU=
cloud.google.com/go/secretmanager v1.11.1 h1:cLTCwAjFh9fKvU6F13Y4L9vPcx9yiWPyWXE4+zkuEQs=
cloud.google.com/go/secretmanager v1.11.1/go.mod h1:znq9JlXgTNdBeQk9TBW/FnR/W4uChEKGeqQWAJ8SXFw=
dmitri.shuralyov.com/app/changes v0.0.0-20191223015216-e22f40b36873 h1:bOk7OwT2wE/asbLoWTVE4N3Q0Irx9tQippvpHzhq2ec=
dmitri.shuralyov.com/app/changes v0.0.0-20191223015216-e22f40b36873/go.mod h1:Yl+fi1br7+Rr3LqpNJf1/uxUdtRUV+Tnj0o93V2B9MU=
dmitri.shuralyov.com/html/belt v0.0.0-20240407033809-d8009a3578d1 h1:QqvRPzPN5aYK0SLqfJ6KDRJK42Z9602SZaS0upyZSRE=
dmitri.shuralyov.com/html/belt v0.0.0-20240407033809-d8009a3578d1/go.mod h1:JLBrvjyP0v+ecvNYvCpyZgu5/xkfAUhi6wJj28eUfSU=
dmitri.shuralyov.com/service/change v0.0.0-20250514031924-6140fdcb1407 h1:38JP6r6Fm+fRJKeHWw3BRFgNiUbbv5co+D2THd2n714=
dmitri.shuralyov.com/service/change v0.0.0-20250514031924-6140fdcb1407/go.mod h1:MVz3B2SeDhSKvVeDvCmF6ekZNsTIAsbx2K4r/Gc24Xk=
dmitri.shuralyov.com/state v0.0.0-20191123213244-83b4075e5ca2 h1:9jRs7EHiGesvlkHqVq0DMQ8DeWiGB1Qtnp8CMakt6UU=
dmitri.shuralyov.com/state v0.0.0-20191123213244-83b4075e5ca2/go.mod h1:0PRwlb0D6DFvNNtx+9ybjezNCa8XF0xaYcETyp6rHWU=
github.com/aymerick/douceur v0.2.0 h1:Mv+mAeH1Q+n9Fr+oyamOlAkUNPWPlA8PPGR0QAaYuPk=
github.com/aymerick/douceur v0.2.0/go.mod h1:wlT5vV2O3h55X9m7iVYN0TBM0NH/MmbLnd30/FjWUq4=
github.com/davecgh/go-spew v1.1.0/go.mod h1:J7Y8YcW2NihsgmVo/mv3lAwl/skON4iLHjSsI+c5H38=
github.com/davecgh/go-spew v1.1.1 h1:vj9j/u1bqnvCEfJOwUhtlOARqs3+rkHYY13jYWTU97c=
github.com/davecgh/go-spew v1.1.1/go.mod h1:J7Y8YcW2NihsgmVo/mv3lAwl/skON4iLHjSsI+c5H38=
github.com/dustin/go-humanize v1.0.1 h1:GzkhY7T5VNhEkwH0PVJgjz+fX1rhBrR7pRT3mDkpeCY=
github.com/dustin/go-humanize v1.0.1/go.mod h1:Mu1zIs6XwVuF/gI1OepvI0qD18qycQx+mFykh5fBlto=
github.com/fsnotify/fsnotify v1.4.9 h1:hsms1Qyu0jgnwNXIxa+/V/PDsU6CfLf6CNO8H7IWoS4=
github.com/fsnotify/fsnotify v1.4.9/go.mod h1:znqG4EE+3YCdAaPaxE2ZRY/06pZUdp0tY4IgpuI1SZQ=
github.com/golang/groupcache v0.0.0-20210331224755-41bb18bfe9da h1:oI5xCqsCo564l8iNU+DwB5epxmsaqB+rhGL0m5jtYqE=
github.com/golang/groupcache v0.0.0-20210331224755-41bb18bfe9da/go.mod h1:cIg4eruTrX1D+g88fzRXU5OdNfaM+9IcxsU14FzY7Hc=
github.com/golang/protobuf v1.5.3 h1:KhyjKVUg7Usr/dYsdSqoFveMYd5ko72D+zANwlG1mmg=
github.com/golang/protobuf v1.5.3/go.mod h1:XVQd3VNwM+JqD3oG2Ue2ip4fOMUkwXdXDdiuN0vRsmY=
github.com/google/go-cmp v0.5.2/go.mod h1:v8dTdLbMG2kIc/vJvl+f65V22dbkXbowE6jgT/gNBxE=
github.com/google/go-cmp v0.7.0 h1:wk8382ETsv4JYUZwIsn6YpYiWiBsYLSJiTsyBybVuN8=
github.com/google/go-cmp v0.7.0/go.mod h1:pXiqmnSA92OHEEa9HXL2W4E7lf9JzCmGVUdgjX3N/iU=
github.com/google/go-github/v74 v74.0.0 h1:yZcddTUn8DPbj11GxnMrNiAnXH14gNs559AsUpNpPgM=
github.com/google/go-github/v74 v74.0.0/go.mod h1:ubn/YdyftV80VPSI26nSJvaEsTOnsjrxG3o9kJhcyak=
github.com/google/go-querystring v1.1.0 h1:AnCroh3fv4ZBgVIf1Iwtovgjaw/GiKJo8M8yD/fhyJ8=
github.com/google/go-querystring v1.1.0/go.mod h1:Kcdr2DB4koayq7X8pmAG4sNG59So17icRSOU623lUBU=
github.com/google/s2a-go v0.1.4 h1:1kZ/sQM3srePvKs3tXAvQzo66XfcReoqFpIpIccE7Oc=
github.com/google/s2a-go v0.1.4/go.mod h1:Ej+mSEMGRnqRzjc7VtF+jdBwYG5fuJfiZ8ELkjEwM0A=
github.com/googleapis/enterprise-certificate-proxy v0.2.5 h1:UR4rDjcgpgEnqpIEvkiqTYKBCKLNmlge2eVjoZfySzM=
github.com/googleapis/enterprise-certificate-proxy v0.2.5/go.mod h1:RxW0N9901Cko1VOCW3SXCpWP+mlIEkk2tP7jnHy9a3w=
github.com/googleapis/gax-go/v2 v2.12.0 h1:A+gCJKdRfqXkr+BIRGtZLibNXf0m1f9E4HG56etFpas=
github.com/googleapis/gax-go/v2 v2.12.0/go.mod h1:y+aIqrI5eb1YGMVJfuV3185Ts/D7qKpsEkdD5+I6QGU=
github.com/gopherjs/gopherjs v1.17.2 h1:fQnZVsXk8uxXIStYb0N4bGk7jeyTalG/wsZjQ25dO0g=
github.com/gopherjs/gopherjs v1.17.2/go.mod h1:pRRIvn/QzFLrKfvEz3qUuEhtE/zLCWfreZ6J5gM2i+k=
github.com/gorilla/css v1.0.1 h1:ntNaBIghp6JmvWnxbZKANoLyuXTPZ4cAMlo6RyhlbO8=
github.com/gorilla/css v1.0.1/go.mod h1:BvnYkspnSzMmwRK+b8/xgNPLiIuNZr6vbZBTPQ2A3b0=
github.com/gregjones/httpcache v0.0.0-20180305231024-9cad4c3443a7 h1:pdN6V1QBWetyv/0+wjACpqVH+eVULgEjkurDLq3goeM=
github.com/gregjones/httpcache v0.0.0-20180305231024-9cad4c3443a7/go.mod h1:FecbI9+v66THATjSRHfNgh1IVFe/9kFxbXtjV0ctIMA=
github.com/kr/pretty v0.1.0 h1:L/CwN0zerZDmRFUapSPitk6f+Q3+0za1rQkzVuMiMFI=
github.com/kr/pretty v0.1.0/go.mod h1:dAy3ld7l9f0ibDNOQOHHMYYIIbhfbHSm3C4ZsoJORNo=
github.com/kr/pty v1.1.1/go.mod h1:pFQYn66WHrOpPYNljwOMqo10TkYh1fy3cYio2l3bCsQ=
github.com/kr/text v0.1.0/go.mod h1:4Jbv+DJW3UT/LiOwJeYQe1efqtUx/iVham/4vfdArNI=
github.com/kr/text v0.2.0 h1:5Nx0Ya0ZqY2ygV366QzturHI13Jq95ApcVaJBhpS+AY=
github.com/kr/text v0.2.0/go.mod h1:eLer722TekiGuMkidMxC/pM04lWEeraHUUmBw8l2grE=
github.com/microcosm-cc/bluemonday v1.0.27 h1:MpEUotklkwCSLeH+Qdx1VJgNqLlpY2KXwXFM08ygZfk=
github.com/microcosm-cc/bluemonday v1.0.27/go.mod h1:jFi9vgW+H7c3V0lb6nR74Ib/DIB5OBs92Dimizgw2cA=
github.com/neelance/astrewrite v0.0.0-20160511093645-99348263ae86 h1:D6paGObi5Wud7xg83MaEFyjxQB1W5bz5d0IFppr+ymk=
github.com/neelance/astrewrite v0.0.0-20160511093645-99348263ae86/go.mod h1:kHJEU3ofeGjhHklVoIGuVj85JJwZ6kWPaJwCIxgnFmo=
github.com/neelance/sourcemap v0.0.0-20200213170602-2833bce08e4c h1:bY6ktFuJkt+ZXkX0RChQch2FtHpWQLVS8Qo1YasiIVk=
github.com/neelance/sourcemap v0.0.0-20200213170602-2833bce08e4c/go.mod h1:Qr6/a/Q4r9LP1IltGz7tA7iOK1WonHEYhu1HRBA7ZiM=
github.com/pmezard/go-difflib v1.0.0 h1:4DBwDE0NGyQoBHbLQYPwSUPoCMWR5BEzIk/f1lZbAQM=
github.com/pmezard/go-difflib v1.0.0/go.mod h1:iKH77koFhYxTK1pcRnkKkqfTogsbg7gZNVY4sRDYZ/4=
github.com/russross/blackfriday v1.5.2 h1:HyvC0ARfnZBqnXwABFeSZHpKvJHJJfPz81GNueLj0oo=
github.com/russross/blackfriday v1.5.2/go.mod h1:JO/DiYxRf+HjHt06OyowR9PTA263kcR/rfWxYHBV53g=
github.com/sergi/go-diff v1.3.1 h1:xkr+Oxo4BOQKmkn/B9eMK0g5Kg/983T9DqqPHwYqD+8=
github.com/sergi/go-diff v1.3.1/go.mod h1:aMJSSKb2lpPvRNec0+w3fl7LP9IOFzdc9Pa4NFbPK1I=
github.com/shurcooL/component v0.0.0-20230705033914-d146cdf53a29 h1:NwsvC7c06kQ8dCn3fFPlp5HjDhLkdtCpfvkHaEDzOnA=
github.com/shurcooL/component v0.0.0-20230705033914-d146cdf53a29/go.mod h1:k5A/rWhJkl8J/GCkEVYqwwlO18W/umZTpT447sWNFyY=
github.com/shurcooL/events v0.0.0-20230709210537-f564348f61f7 h1:0MYvDHTEZrktDxnu1SKhZrQeqjQ826zJWoav9jMmnog=
github.com/shurcooL/events v0.0.0-20230709210537-f564348f61f7/go.mod h1:BjyJA+ZKpVOaikPK9ujHpQxQcH2taZEjYcUN+AgcFAY=
github.com/shurcooL/github_flavored_markdown v0.0.0-20210228213109-c3a9aa474629 h1:86e54L0i3pH3dAIA8OxBbfLrVyhoGpnNk1iJCigAWYs=
github.com/shurcooL/github_flavored_markdown v0.0.0-20210228213109-c3a9aa474629/go.mod h1:2dOwnU2uBioM+SGy2aZoq1f/Sd1l9OkAeAUvjSyvgU0=
github.com/shurcooL/go v0.0.0-20180423040247-9e1955d9fb6e/go.mod h1:TDJrrUr11Vxrven61rcy3hJMUqaf/CLWYhHNPmT14Lk=
github.com/shurcooL/go v0.0.0-20230706063926-5fe729b41b3a h1:ZHfoO7ZJhws9NU1kzZhStUnnVQiPtDe1PzpUnc6HirU=
github.com/shurcooL/go v0.0.0-20230706063926-5fe729b41b3a/go.mod h1:DNrlr0AR9NsHD/aoc2pPeu4uSBZ/71yCHkR42yrzW3M=
github.com/shurcooL/go-goon v0.0.0-20170922171312-37c2f522c041 h1:llrF3Fs4018ePo4+G/HV/uQUqEI1HMDjCeOf2V6puPc=
github.com/shurcooL/go-goon v0.0.0-20170922171312-37c2f522c041/go.mod h1:N5mDOmsrJOB+vfqUK+7DmDyjhSLIIBnXo9lvZJj3MWQ=
github.com/shurcooL/gofontwoff v0.0.0-20230909172842-a36d5fd8747a h1:nOUI0T5Wl/vmUjM2qqIPf+iEQtMIK37wojNVF9f9ONw=
github.com/shurcooL/gofontwoff v0.0.0-20230909172842-a36d5fd8747a/go.mod h1:tKds/wypcq3qqws1qthLic0iN6qRxhVtwCa7MbR6KJE=
github.com/shurcooL/gopherjslib v0.0.0-20230715010622-1ae71309058c h1:wgaXCAKFCCnZcNFo9XtFxKgkHAC8EYsY5EJ8bJW1Nv8=
github.com/shurcooL/gopherjslib v0.0.0-20230715010622-1ae71309058c/go.mod h1:ocwyKn1f0k7gOrS5toXWwdCJkPdPohpq5+n9vnppAo4=
github.com/shurcooL/highlight_diff v0.0.0-20230708024848-22f825814995 h1:/6Fa0HAouqks/nlr3C3sv7KNDqutP3CM/MYz225uO28=
github.com/shurcooL/highlight_diff v0.0.0-20230708024848-22f825814995/go.mod h1:eqklBUMsamqZbxXhhr6GafgswFTa5Aq12VQ0I2lnCR8=
github.com/shurcooL/highlight_go v0.0.0-20230708025100-33e05792540a h1:aMmA4ghJXuzwIS/mEK+bf7U2WZECRxa3sPgR4QHj8Hw=
github.com/shurcooL/highlight_go v0.0.0-20230708025100-33e05792540a/go.mod h1:kLtotffsKtKsCupV8wNnNwQQHBccB1Oy5VSg8P409Go=
github.com/shurcooL/home v0.0.0-20240224203855-c8586946c6ee h1:7feP4epRL7X7hS6bH8Ms78j/OWc66dCn7CZzHAQVWqo=
github.com/shurcooL/home v0.0.0-20240224203855-c8586946c6ee/go.mod h1:hNssu5RLqFWzpW2QQkBlsrUe9wkBfY+FhMTsV0+5Cr8=
github.com/shurcooL/htmlg v0.0.0-20230705022835-a97fae3bef2c h1:9h6zjEvGMCjSraahz41YKIKEB2WwMRXI96fhxRdLT3g=
github.com/shurcooL/htmlg v0.0.0-20230705022835-a97fae3bef2c/go.mod h1:o70mbWDxMPJIvxhLsaFNI2CNFTPEyyCmue//D9V51Nw=
github.com/shurcooL/httperror v0.0.0-20210906152555-9bb3cabb3d15 h1:a0WrpGVSBoWIZ5MH5m9IFRT2ZYMHTODRXMJFlWUoiro=
github.com/shurcooL/httperror v0.0.0-20210906152555-9bb3cabb3d15/go.mod h1:zSNnhSBUlbiQPCwRvGTll5WLvkyDA4qWwxYs2hJtBoY=
github.com/shurcooL/httpfs v0.0.0-20230704072500-f1e31cf0ba5c h1:aqg5Vm5dwtvL+YgDpBcK1ITf3o96N/K7/wsRXQnUTEs=
github.com/shurcooL/httpfs v0.0.0-20230704072500-f1e31cf0ba5c/go.mod h1:owqhoLW1qZoYLZzLnBw+QkPP9WZnjlSWihhxAJC1+/M=
github.com/shurcooL/httpgzip v0.0.0-20230704072819-d1585fc322fa h1:/NDg5q4nPfrGS4SYEtX8AG5hjF80Ag5PMWdv7BWe/Jk=
github.com/shurcooL/httpgzip v0.0.0-20230704072819-d1585fc322fa/go.mod h1:uoh/PAqKZMkC05ObWYA0jvBerfdKUP918iF2k1kj2jc=
github.com/shurcooL/issues v0.0.0-20230810033912-5ed542b06cb5 h1:O/NdELObNna8UqrBkCmOFOd3coFh3JYc9B6DpH0pgBk=
github.com/shurcooL/issues v0.0.0-20230810033912-5ed542b06cb5/go.mod h1:lDjmYD/hNsmcv9dVsY6R8nNE9kjEn8cOcEKAwPiCUsc=
github.com/shurcooL/issuesapp v0.0.0-20230810034243-80666a8809f4 h1:laqqFiJULqYF0GZQyjYA83TLwJ6wheMCg0oFtHvh+C0=
github.com/shurcooL/issuesapp v0.0.0-20230810034243-80666a8809f4/go.mod h1:Xfo6V4Ca+7zsHCKvC0Js2V9e+muM+klfLsyw5jeTsFY=
github.com/shurcooL/notifications v0.0.0-20230709213252-e8827dadae14 h1:2UHAhw1DcaL7BSFJE5KhJur3PoRzRILNkFyA/Ph9O24=
github.com/shurcooL/notifications v0.0.0-20230709213252-e8827dadae14/go.mod h1:ukqp05CRiYetSCDLHzrRBZ/sWO4xwmU0N61hJZpj/LE=
github.com/shurcooL/octicon v0.0.0-20230705024016-66bff059edb8 h1:W5meM/5DP0Igf+pS3Se363Y2DoDv9LUuZgQ24uG9LNY=
github.com/shurcooL/octicon v0.0.0-20230705024016-66bff059edb8/go.mod h1:hWBWTvIJ918VxbNOk2hxQg1/5j1M9yQI1Kp8d9qrOq8=
github.com/shurcooL/reactions v0.0.0-20230709212139-c08ef9dbc6e7 h1:haCYHNJ9GgNsaM5LzR0d1MYw85yEBTI5nGquwXJ0Cnc=
github.com/shurcooL/reactions v0.0.0-20230709212139-c08ef9dbc6e7/go.mod h1:lojDsFm7EBmwHcqvRl7wxK6uqYXePE2KCjjqb1lX0Ks=
github.com/shurcooL/sanitized_anchor_name v1.0.0 h1:PdmoCO6wvbs+7yrJyMORt4/BmY5IYyJwS/kOiWx8mHo=
github.com/shurcooL/sanitized_anchor_name v1.0.0/go.mod h1:1NzhyTcUVG4SuEtjjoZeVRXNmyL/1OwPU0+IJeTBvfc=
github.com/shurcooL/users v0.0.0-20230715030748-b8db7ab229ae h1:iAPlhp/XcVrqUGOXCiGBeO1xEoAfqxl5r5eHPhdSEec=
github.com/shurcooL/users v0.0.0-20230715030748-b8db7ab229ae/go.mod h1:STmjMD0xJdV3ChgfT9r2xU5ir7HuDPzlLA7aIxl9cmY=
github.com/shurcooL/webdavfs v0.0.0-20230705023409-38343235ac43 h1:SiQpwWBucykKUTg+PkPjEgJI+vAOqkF+pjSEyCtZKso=
github.com/shurcooL/webdavfs v0.0.0-20230705023409-38343235ac43/go.mod h1:q8jtPWlTUFLNEt43+ertaVCElLme2TPo+MrESaY0ejM=
github.com/sirupsen/logrus v1.8.3 h1:DBBfY8eMYazKEJHb3JKpSPfpgd2mBCoNFlQx6C5fftU=
github.com/sirupsen/logrus v1.8.3/go.mod h1:naHLuLoDiP4jHNo9R0sCBMtWGeIprob74mVsIT4qYEQ=
github.com/sourcegraph/annotate v0.0.0-20160123013949-f4cad6c6324d h1:yKm7XZV6j9Ev6lojP2XaIshpT4ymkqhMeSghO5Ps00E=
github.com/sourcegraph/annotate v0.0.0-20160123013949-f4cad6c6324d/go.mod h1:UdhH50NIW0fCiwBSr0co2m7BnFLdv4fQTgdqdJTHFeE=
github.com/sourcegraph/go-diff v0.7.0 h1:9uLlrd5T46OXs5qpp8L/MTltk0zikUGi0sNNyCpA8G0=
github.com/sourcegraph/go-diff v0.7.0/go.mod h1:iBszgVvyxdc8SFZ7gm69go2KDdt3ag071iBaWPF6cjs=
github.com/sourcegraph/syntaxhighlight v0.0.0-20170531221838-bd320f5d308e h1:qpG93cPwA5f7s/ZPBJnGOYQNK/vKsaDaseuKT5Asee8=
github.com/sourcegraph/syntaxhighlight v0.0.0-20170531221838-bd320f5d308e/go.mod h1:HuIsMU8RRBOtsCgI77wP899iHVBQpCmg4ErYMZB+2IA=
github.com/stretchr/objx v0.1.0/go.mod h1:HFkY916IF+rwdDfMAkV7OtwuqBVzrE8GR6GFx+wExME=
github.com/stretchr/testify v1.4.0/go.mod h1:j7eGeouHqKxXV5pUuKE4zz7dFj8WfuZ+81PSLYec5m4=
github.com/stretchr/testify v1.7.0 h1:nwc3DEeHmmLAfoZucVR881uASk0Mfjw8xYJ99tb5CcY=
github.com/stretchr/testify v1.7.0/go.mod h1:6Fq8oRcR53rry900zMqJjRRixrwX3KX962/h/Wwjteg=
go.opencensus.io v0.24.0 h1:y73uSU6J157QMP2kn2r30vwW1A2W2WFwSCGnAVxeaD0=
go.opencensus.io v0.24.0/go.mod h1:vNK8G9p7aAivkbmorf4v+7Hgx+Zs0yY+0fOtgBfjQKo=
go4.org v0.0.0-20180809161055-417644f6feb5 h1:+hE86LblG4AyDgwMCLTE6FOlM9+qjHSYS+rKqxUVdsM=
go4.org v0.0.0-20180809161055-417644f6feb5/go.mod h1:MkTOUMDaeVYJUOUsaDXIhWPZYa1yOyC1qaOBpL57BhE=
golang.org/x/build v0.0.0-20251112180309-0774d0c48ea0 h1:8DAHpAwzoduqdt9bOPciNME4e16fKBgYnspEEOZIA7I=
golang.org/x/build v0.0.0-20251112180309-0774d0c48ea0/go.mod h1:oCdzebM0Uh3mwDMYB0isNNo8fiubEsLowbqGot1zAJ0=
golang.org/x/crypto v0.44.0 h1:A97SsFvM3AIwEEmTBiaxPPTYpDC47w720rdiiUvgoAU=
golang.org/x/crypto v0.44.0/go.mod h1:013i+Nw79BMiQiMsOPcVCB5ZIJbYkerPrGnOa00tvmc=
golang.org/x/mod v0.30.0 h1:fDEXFVZ/fmCKProc/yAXXUijritrDzahmwwefnjoPFk=
golang.org/x/mod v0.30.0/go.mod h1:lAsf5O2EvJeSFMiBxXDki7sCgAxEUcZHXoXMKT4GJKc=
golang.org/x/net v0.47.0 h1:Mx+4dIFzqraBXUugkia1OOvlD6LemFo1ALMHjrXDOhY=
golang.org/x/net v0.47.0/go.mod h1:/jNxtkgq5yWUGYkaZGqo27cfGZ1c5Nen03aYrrKpVRU=
golang.org/x/oauth2 v0.33.0 h1:4Q+qn+E5z8gPRJfmRy7C2gGG3T4jIprK6aSYgTXGRpo=
golang.org/x/oauth2 v0.33.0/go.mod h1:lzm5WQJQwKZ3nwavOZ3IS5Aulzxi68dUSgRHujetwEA=
golang.org/x/sync v0.18.0 h1:kr88TuHDroi+UVf+0hZnirlk8o8T+4MrK6mr60WkH/I=
golang.org/x/sync v0.18.0/go.mod h1:9KTHXmSnoGruLpwFjVSX0lNNA75CykiMECbovNTZqGI=
golang.org/x/sys v0.0.0-20191005200804-aed5e4c7ecf9/go.mod h1:h1NjWce9XRLGQEsW7wpKNCjG9DtNlClVuFLEZdDNbEs=
golang.org/x/sys v0.0.0-20220715151400-c0bba94af5f8/go.mod h1:oPkhp1MJrh7nUepCBck5+mAzfO9JrbApNNgaTdGDITg=
golang.org/x/sys v0.38.0 h1:3yZWxaJjBmCWXqhN1qh02AkOnCQ1poK6oF+a7xWL6Gc=
golang.org/x/sys v0.38.0/go.mod h1:OgkHotnGiDImocRcuBABYBEXf8A9a87e/uXjp9XT3ks=
golang.org/x/text v0.31.0 h1:aC8ghyu4JhP8VojJ2lEHBnochRno1sgL6nEi9WGFGMM=
golang.org/x/text v0.31.0/go.mod h1:tKRAlv61yKIjGGHX/4tP1LTbc13YSec1pxVEWXzfoeM=
golang.org/x/time v0.14.0 h1:MRx4UaLrDotUKUdCIqzPC48t1Y9hANFKIRpNx+Te8PI=
golang.org/x/time v0.14.0/go.mod h1:eL/Oa2bBBK0TkX57Fyni+NgnyQQN4LitPmob2Hjnqw4=
golang.org/x/tools v0.39.0 h1:ik4ho21kwuQln40uelmciQPp9SipgNDdrafrYA4TmQQ=
golang.org/x/tools v0.39.0/go.mod h1:JnefbkDPyD8UU2kI5fuf8ZX4/yUeh9W877ZeBONxUqQ=
golang.org/x/tools/godoc v0.1.0-deprecated h1:o+aZ1BOj6Hsx/GBdJO/s815sqftjSnrZZwyYTHODvtk=
golang.org/x/tools/godoc v0.1.0-deprecated/go.mod h1:qM63CriJ961IHWmnWa9CjZnBndniPt4a3CK0PVB9bIg=
golang.org/x/xerrors v0.0.0-20191204190536-9bdfabe68543/go.mod h1:I/5z698sn9Ka8TeJc9MKroUUfqBBauWjQqLJ2OPfmY0=
google.golang.org/api v0.136.0 h1:e/6enzUE1s4tGPa6Q3ZYShKTtvRc+1Jq0rrafhppmOs=
google.golang.org/api v0.136.0/go.mod h1:XtJfF+V2zgUxelOn5Zs3kECtluMxneJG8ZxUTlLNTPA=
google.golang.org/appengine v1.6.8-0.20221117013220-504804fb50de h1:MvEeYmzkzk0Rsw+ceqy28aIJN7Mum+4aYqBwCMqYNug=
google.golang.org/appengine v1.6.8-0.20221117013220-504804fb50de/go.mod h1:BbwiCY3WCmCUKOJTrX5NwgQzew1c32w3kxa6Sxvs0cQ=
google.golang.org/genproto v0.0.0-20230822172742-b8732ec3820d h1:VBu5YqKPv6XiJ199exd8Br+Aetz+o08F+PLMnwJQHAY=
google.golang.org/genproto v0.0.0-20230822172742-b8732ec3820d/go.mod h1:yZTlhN0tQnXo3h00fuXNCxJdLdIdnVFVBaRJ5LWBbw4=
google.golang.org/genproto/googleapis/api v0.0.0-20240814211410-ddb44dafa142 h1:wKguEg1hsxI2/L3hUYrpo1RVi48K+uTyzKqprwLXsb8=
google.golang.org/genproto/googleapis/api v0.0.0-20240814211410-ddb44dafa142/go.mod h1:d6be+8HhtEtucleCbxpPW9PA9XwISACu8nvpPqF0BVo=
google.golang.org/genproto/googleapis/rpc v0.0.0-20240930140551-af27646dc61f h1:cUMEy+8oS78BWIH9OWazBkzbr090Od9tWBNtZHkOhf0=
google.golang.org/genproto/googleapis/rpc v0.0.0-20240930140551-af27646dc61f/go.mod h1:UqMtugtsSgubUsoxbuAoiCXvqvErP7Gf0so0mK9tHxU=
google.golang.org/grpc v1.67.1 h1:zWnc1Vrcno+lHZCOofnIMvycFcc0QRGIzm9dhnDX68E=
google.golang.org/grpc v1.67.1/go.mod h1:1gLDyUQU7CTLJI90u3nXZ9ekeghjeM7pTDZlqFNg2AA=
google.golang.org/protobuf v1.34.2 h1:6xV6lTsCfpGD21XK49h7MhtcApnLqkfYgPcdHftf6hg=
google.golang.org/protobuf v1.34.2/go.mod h1:qYOHts0dSfpeUzUFpOMr/WGzszTmLH+DiWniOlNbLDw=
gopkg.in/check.v1 v0.0.0-20161208181325-20d25e280405/go.mod h1:Co6ibVJAznAaIkqp8huTwlJQCZ016jof/cbN4VW5Yz0=
gopkg.in/check.v1 v1.0.0-20190902080502-41f04d3bba15/go.mod h1:Co6ibVJAznAaIkqp8huTwlJQCZ016jof/cbN4VW5Yz0=
gopkg.in/yaml.v2 v2.2.2/go.mod h1:hI93XBmqTisBFMUTm0b8Fm+jr3Dg1NNxqwp+5A1VGuI=
gopkg.in/yaml.v2 v2.4.0/go.mod h1:RDklbk79AGWmwhnvt/jBztapEOGDOx6ZbXqjP6csGnQ=
gopkg.in/yaml.v3 v3.0.0-20200313102051-9f266ea9e77c h1:dUUwHk2QECo/6vqA44rthZ8ie2QXMNeKRTHCNY2nXvo=
gopkg.in/yaml.v3 v3.0.0-20200313102051-9f266ea9e77c/go.mod h1:K4uyk7z7BCEPqu6E+C64Yfv1cQ7kz7rIZviUmN+EgEM=
